
Microsoft Visual Studio Solution File, Format Version 12.00
# Visual Studio Version 17
VisualStudioVersion = 17.14.36518.9 d17.14
MinimumVisualStudioVersion = 10.0.40219.1
Project("{FAE04EC0-301F-11D3-BF4B-00C04F79EFBC}") = "ChatBotApp", "ChatBotApp.csproj", "{876308CD-5E0B-4291-8068-98771A7A023A}"
EndProject
Global
	GlobalSection(SolutionConfigurationPlatforms) = preSolution
		Debug|Any CPU = Debug|Any CPU
		Release|Any CPU = Release|Any CPU
	EndGlobalSection
	GlobalSection(ProjectConfigurationPlatforms) = postSolution
		{876308CD-5E0B-4291-8068-98771A7A023A}.Debug|Any CPU.ActiveCfg = Debug|Any CPU
		{876308CD-5E0B-4291-8068-98771A7A023A}.Debug|Any CPU.Build.0 = Debug|Any CPU
		{876308CD-5E0B-4291-8068-98771A7A023A}.Release|Any CPU.ActiveCfg = Release|Any CPU
		{876308CD-5E0B-4291-8068-98771A7A023A}.Release|Any CPU.Build.0 = Release|Any CPU
	EndGlobalSection
	GlobalSection(SolutionProperties) = preSolution
		HideSolutionNode = FALSE
	EndGlobalSection
	GlobalSection(ExtensibilityGlobals) = postSolution
		SolutionGuid = {5042A65F-52A4-44EE-87A7-66638B41C169}
	EndGlobalSection
EndGlobal
